// !$*UTF8*$!
{
	archiveVersion = 1;
	classes = {
	};
	objectVersion = 46;
	objects = {

/* Begin PBXBuildFile section */
		8F31B1F119096FFF00271029 /* Foundation.framework in Frameworks */ = {isa = PBXBuildFile; fileRef = 8F31B1F019096FFF00271029 /* Foundation.framework */; };
		8F31B1F319096FFF00271029 /* CoreGraphics.framework in Frameworks */ = {isa = PBXBuildFile; fileRef = 8F31B1F219096FFF00271029 /* CoreGraphics.framework */; };
		8F31B1F519096FFF00271029 /* UIKit.framework in Frameworks */ = {isa = PBXBuildFile; fileRef = 8F31B1F419096FFF00271029 /* UIKit.framework */; };
		8F31B1FB19096FFF00271029 /* InfoPlist.strings in Resources */ = {isa = PBXBuildFile; fileRef = 8F31B1F919096FFF00271029 /* InfoPlist.strings */; };
		8F31B1FD19096FFF00271029 /* main.m in Sources */ = {isa = PBXBuildFile; fileRef = 8F31B1FC19096FFF00271029 /* main.m */; };
		8F31B20119096FFF00271029 /* NGBAppDelegate.m in Sources */ = {isa = PBXBuildFile; fileRef = 8F31B20019096FFF00271029 /* NGBAppDelegate.m */; };
		8F31B20419096FFF00271029 /* Main_iPhone.storyboard in Resources */ = {isa = PBXBuildFile; fileRef = 8F31B20219096FFF00271029 /* Main_iPhone.storyboard */; };
		8F31B20719096FFF00271029 /* Main_iPad.storyboard in Resources */ = {isa = PBXBuildFile; fileRef = 8F31B20519096FFF00271029 /* Main_iPad.storyboard */; };
		8F31B20A19096FFF00271029 /* NGBViewController.m in Sources */ = {isa = PBXBuildFile; fileRef = 8F31B20919096FFF00271029 /* NGBViewController.m */; };
		8F31B20C19096FFF00271029 /* Images.xcassets in Resources */ = {isa = PBXBuildFile; fileRef = 8F31B20B19096FFF00271029 /* Images.xcassets */; };
		8F31B21319096FFF00271029 /* XCTest.framework in Frameworks */ = {isa = PBXBuildFile; fileRef = 8F31B21219096FFF00271029 /* XCTest.framework */; };
		8F31B21419096FFF00271029 /* Foundation.framework in Frameworks */ = {isa = PBXBuildFile; fileRef = 8F31B1F019096FFF00271029 /* Foundation.framework */; };
		8F31B21519096FFF00271029 /* UIKit.framework in Frameworks */ = {isa = PBXBuildFile; fileRef = 8F31B1F419096FFF00271029 /* UIKit.framework */; };
		8F31B21D19096FFF00271029 /* InfoPlist.strings in Resources */ = {isa = PBXBuildFile; fileRef = 8F31B21B19096FFF00271029 /* InfoPlist.strings */; };
		8F31B22A1909703800271029 /* Model.xcdatamodel in Sources */ = {isa = PBXBuildFile; fileRef = 8F31B2291909703800271029 /* Model.xcdatamodel */; };
		8F31B22D1909704400271029 /* NSManagedObject+NGBParsing.m in Sources */ = {isa = PBXBuildFile; fileRef = 8F31B22C1909704400271029 /* NSManagedObject+NGBParsing.m */; };
		8F31B22F1909706200271029 /* NSManagedObjectParsingTests.m in Sources */ = {isa = PBXBuildFile; fileRef = 8F31B22E1909706200271029 /* NSManagedObjectParsingTests.m */; };
		8F31B231190975D800271029 /* Model.xcdatamodel in Sources */ = {isa = PBXBuildFile; fileRef = 8F31B2291909703800271029 /* Model.xcdatamodel */; };
		8F31B23419097ABD00271029 /* NGBJSONMarshaller.m in Sources */ = {isa = PBXBuildFile; fileRef = 8F31B23319097ABD00271029 /* NGBJSONMarshaller.m */; };
		8F31B23619097CD900271029 /* NGBJSONMarshallerTests.m in Sources */ = {isa = PBXBuildFile; fileRef = 8F31B23519097CD900271029 /* NGBJSONMarshallerTests.m */; };
/* End PBXBuildFile section */

/* Begin PBXFileReference section */
		8F31B1ED19096FFF00271029 /* JSONMarshaller.app */ = {isa = PBXFileReference; explicitFileType = wrapper.application; includeInIndex = 0; path = JSONMarshaller.app; sourceTree = BUILT_PRODUCTS_DIR; };
		8F31B1F019096FFF00271029 /* Foundation.framework */ = {isa = PBXFileReference; lastKnownFileType = wrapper.framework; name = Foundation.framework; path = System/Library/Frameworks/Foundation.framework; sourceTree = SDKROOT; };
		8F31B1F219096FFF00271029 /* CoreGraphics.framework */ = {isa = PBXFileReference; lastKnownFileType = wrapper.framework; name = CoreGraphics.framework; path = System/Library/Frameworks/CoreGraphics.framework; sourceTree = SDKROOT; };
		8F31B1F419096FFF00271029 /* UIKit.framework */ = {isa = PBXFileReference; lastKnownFileType = wrapper.framework; name = UIKit.framework; path = System/Library/Frameworks/UIKit.framework; sourceTree = SDKROOT; };
		8F31B1F819096FFF00271029 /* JSONMarshaller-Info.plist */ = {isa = PBXFileReference; lastKnownFileType = text.plist.xml; path = "JSONMarshaller-Info.plist"; sourceTree = "<group>"; };
		8F31B1FA19096FFF00271029 /* en */ = {isa = PBXFileReference; lastKnownFileType = text.plist.strings; name = en; path = en.lproj/InfoPlist.strings; sourceTree = "<group>"; };
		8F31B1FC19096FFF00271029 /* main.m */ = {isa = PBXFileReference; lastKnownFileType = sourcecode.c.objc; path = main.m; sourceTree = "<group>"; };
		8F31B1FE19096FFF00271029 /* JSONMarshaller-Prefix.pch */ = {isa = PBXFileReference; lastKnownFileType = sourcecode.c.h; path = "JSONMarshaller-Prefix.pch"; sourceTree = "<group>"; };
		8F31B1FF19096FFF00271029 /* NGBAppDelegate.h */ = {isa = PBXFileReference; lastKnownFileType = sourcecode.c.h; path = NGBAppDelegate.h; sourceTree = "<group>"; };
		8F31B20019096FFF00271029 /* NGBAppDelegate.m */ = {isa = PBXFileReference; lastKnownFileType = sourcecode.c.objc; path = NGBAppDelegate.m; sourceTree = "<group>"; };
		8F31B20319096FFF00271029 /* Base */ = {isa = PBXFileReference; lastKnownFileType = file.storyboard; name = Base; path = Base.lproj/Main_iPhone.storyboard; sourceTree = "<group>"; };
		8F31B20619096FFF00271029 /* Base */ = {isa = PBXFileReference; lastKnownFileType = file.storyboard; name = Base; path = Base.lproj/Main_iPad.storyboard; sourceTree = "<group>"; };
		8F31B20819096FFF00271029 /* NGBViewController.h */ = {isa = PBXFileReference; lastKnownFileType = sourcecode.c.h; path = NGBViewController.h; sourceTree = "<group>"; };
		8F31B20919096FFF00271029 /* NGBViewController.m */ = {isa = PBXFileReference; lastKnownFileType = sourcecode.c.objc; path = NGBViewController.m; sourceTree = "<group>"; };
		8F31B20B19096FFF00271029 /* Images.xcassets */ = {isa = PBXFileReference; lastKnownFileType = folder.assetcatalog; path = Images.xcassets; sourceTree = "<group>"; };
		8F31B21119096FFF00271029 /* JSONMarshallerTests.xctest */ = {isa = PBXFileReference; explicitFileType = wrapper.cfbundle; includeInIndex = 0; path = JSONMarshallerTests.xctest; sourceTree = BUILT_PRODUCTS_DIR; };
		8F31B21219096FFF00271029 /* XCTest.framework */ = {isa = PBXFileReference; lastKnownFileType = wrapper.framework; name = XCTest.framework; path = Library/Frameworks/XCTest.framework; sourceTree = DEVELOPER_DIR; };
		8F31B21A19096FFF00271029 /* JSONMarshallerTests-Info.plist */ = {isa = PBXFileReference; lastKnownFileType = text.plist.xml; path = "JSONMarshallerTests-Info.plist"; sourceTree = "<group>"; };
		8F31B21C19096FFF00271029 /* en */ = {isa = PBXFileReference; lastKnownFileType = text.plist.strings; name = en; path = en.lproj/InfoPlist.strings; sourceTree = "<group>"; };
		8F31B2291909703800271029 /* Model.xcdatamodel */ = {isa = PBXFileReference; lastKnownFileType = wrapper.xcdatamodel; path = Model.xcdatamodel; sourceTree = "<group>"; };
		8F31B22B1909704400271029 /* NSManagedObject+NGBParsing.h */ = {isa = PBXFileReference; fileEncoding = 4; lastKnownFileType = sourcecode.c.h; path = "NSManagedObject+NGBParsing.h"; sourceTree = "<group>"; };
		8F31B22C1909704400271029 /* NSManagedObject+NGBParsing.m */ = {isa = PBXFileReference; fileEncoding = 4; lastKnownFileType = sourcecode.c.objc; path = "NSManagedObject+NGBParsing.m"; sourceTree = "<group>"; };
		8F31B22E1909706200271029 /* NSManagedObjectParsingTests.m */ = {isa = PBXFileReference; fileEncoding = 4; lastKnownFileType = sourcecode.c.objc; path = NSManagedObjectParsingTests.m; sourceTree = "<group>"; };
		8F31B23219097ABD00271029 /* NGBJSONMarshaller.h */ = {isa = PBXFileReference; fileEncoding = 4; lastKnownFileType = sourcecode.c.h; name = NGBJSONMarshaller.h; path = Lib/NGBJSONMarshaller.h; sourceTree = "<group>"; };
		8F31B23319097ABD00271029 /* NGBJSONMarshaller.m */ = {isa = PBXFileReference; fileEncoding = 4; lastKnownFileType = sourcecode.c.objc; name = NGBJSONMarshaller.m; path = Lib/NGBJSONMarshaller.m; sourceTree = "<group>"; };
		8F31B23519097CD900271029 /* NGBJSONMarshallerTests.m */ = {isa = PBXFileReference; fileEncoding = 4; lastKnownFileType = sourcecode.c.objc; path = NGBJSONMarshallerTests.m; sourceTree = "<group>"; };
/* End PBXFileReference section */

/* Begin PBXFrameworksBuildPhase section */
		8F31B1EA19096FFF00271029 /* Frameworks */ = {
			isa = PBXFrameworksBuildPhase;
			buildActionMask = 2147483647;
			files = (
				8F31B1F319096FFF00271029 /* CoreGraphics.framework in Frameworks */,
				8F31B1F519096FFF00271029 /* UIKit.framework in Frameworks */,
				8F31B1F119096FFF00271029 /* Foundation.framework in Frameworks */,
			);
			runOnlyForDeploymentPostprocessing = 0;
		};
		8F31B20E19096FFF00271029 /* Frameworks */ = {
			isa = PBXFrameworksBuildPhase;
			buildActionMask = 2147483647;
			files = (
				8F31B21319096FFF00271029 /* XCTest.framework in Frameworks */,
				8F31B21519096FFF00271029 /* UIKit.framework in Frameworks */,
				8F31B21419096FFF00271029 /* Foundation.framework in Frameworks */,
			);
			runOnlyForDeploymentPostprocessing = 0;
		};
/* End PBXFrameworksBuildPhase section */

/* Begin PBXGroup section */
		8F31B1E419096FFF00271029 = {
			isa = PBXGroup;
			children = (
				8F31B2281909700700271029 /* Lib */,
				8F31B1F619096FFF00271029 /* JSONMarshaller */,
				8F31B21819096FFF00271029 /* JSONMarshallerTests */,
				8F31B1EF19096FFF00271029 /* Frameworks */,
				8F31B1EE19096FFF00271029 /* Products */,
			);
			sourceTree = "<group>";
		};
		8F31B1EE19096FFF00271029 /* Products */ = {
			isa = PBXGroup;
			children = (
				8F31B1ED19096FFF00271029 /* JSONMarshaller.app */,
				8F31B21119096FFF00271029 /* JSONMarshallerTests.xctest */,
			);
			name = Products;
			sourceTree = "<group>";
		};
		8F31B1EF19096FFF00271029 /* Frameworks */ = {
			isa = PBXGroup;
			children = (
				8F31B1F019096FFF00271029 /* Foundation.framework */,
				8F31B1F219096FFF00271029 /* CoreGraphics.framework */,
				8F31B1F419096FFF00271029 /* UIKit.framework */,
				8F31B21219096FFF00271029 /* XCTest.framework */,
			);
			name = Frameworks;
			sourceTree = "<group>";
		};
		8F31B1F619096FFF00271029 /* JSONMarshaller */ = {
			isa = PBXGroup;
			children = (
				8F31B1FF19096FFF00271029 /* NGBAppDelegate.h */,
				8F31B20019096FFF00271029 /* NGBAppDelegate.m */,
				8F31B20219096FFF00271029 /* Main_iPhone.storyboard */,
				8F31B20519096FFF00271029 /* Main_iPad.storyboard */,
				8F31B20819096FFF00271029 /* NGBViewController.h */,
				8F31B20919096FFF00271029 /* NGBViewController.m */,
				8F31B20B19096FFF00271029 /* Images.xcassets */,
				8F31B1F719096FFF00271029 /* Supporting Files */,
			);
			path = JSONMarshaller;
			sourceTree = "<group>";
		};
		8F31B1F719096FFF00271029 /* Supporting Files */ = {
			isa = PBXGroup;
			children = (
				8F31B1F819096FFF00271029 /* JSONMarshaller-Info.plist */,
				8F31B1F919096FFF00271029 /* InfoPlist.strings */,
				8F31B1FC19096FFF00271029 /* main.m */,
				8F31B1FE19096FFF00271029 /* JSONMarshaller-Prefix.pch */,
			);
			name = "Supporting Files";
			sourceTree = "<group>";
		};
		8F31B21819096FFF00271029 /* JSONMarshallerTests */ = {
			isa = PBXGroup;
			children = (
				8F31B2291909703800271029 /* Model.xcdatamodel */,
				8F31B22E1909706200271029 /* NSManagedObjectParsingTests.m */,
				8F31B23519097CD900271029 /* NGBJSONMarshallerTests.m */,
				8F31B21919096FFF00271029 /* Supporting Files */,
			);
			path = JSONMarshallerTests;
			sourceTree = "<group>";
		};
		8F31B21919096FFF00271029 /* Supporting Files */ = {
			isa = PBXGroup;
			children = (
				8F31B21A19096FFF00271029 /* JSONMarshallerTests-Info.plist */,
				8F31B21B19096FFF00271029 /* InfoPlist.strings */,
			);
			name = "Supporting Files";
			sourceTree = "<group>";
		};
		8F31B2281909700700271029 /* Lib */ = {
			isa = PBXGroup;
			children = (
				8F31B22B1909704400271029 /* NSManagedObject+NGBParsing.h */,
				8F31B22C1909704400271029 /* NSManagedObject+NGBParsing.m */,
				8F31B23219097ABD00271029 /* NGBJSONMarshaller.h */,
				8F31B23319097ABD00271029 /* NGBJSONMarshaller.m */,
			);
			name = Lib;
			sourceTree = "<group>";
		};
/* End PBXGroup section */

/* Begin PBXNativeTarget section */
		8F31B1EC19096FFF00271029 /* JSONMarshaller */ = {
			isa = PBXNativeTarget;
			buildConfigurationList = 8F31B22219096FFF00271029 /* Build configuration list for PBXNativeTarget "JSONMarshaller" */;
			buildPhases = (
				8F31B1E919096FFF00271029 /* Sources */,
				8F31B1EA19096FFF00271029 /* Frameworks */,
				8F31B1EB19096FFF00271029 /* Resources */,
			);
			buildRules = (
			);
			dependencies = (
			);
			name = JSONMarshaller;
			productName = JSONMarshaller;
			productReference = 8F31B1ED19096FFF00271029 /* JSONMarshaller.app */;
			productType = "com.apple.product-type.application";
		};
		8F31B21019096FFF00271029 /* JSONMarshallerTests */ = {
			isa = PBXNativeTarget;
			buildConfigurationList = 8F31B22519096FFF00271029 /* Build configuration list for PBXNativeTarget "JSONMarshallerTests" */;
			buildPhases = (
				8F31B20D19096FFF00271029 /* Sources */,
				8F31B20E19096FFF00271029 /* Frameworks */,
				8F31B20F19096FFF00271029 /* Resources */,
			);
			buildRules = (
			);
			dependencies = (
			);
			name = JSONMarshallerTests;
			productName = JSONMarshallerTests;
			productReference = 8F31B21119096FFF00271029 /* JSONMarshallerTests.xctest */;
			productType = "com.apple.product-type.bundle.unit-test";
		};
/* End PBXNativeTarget section */

/* Begin PBXProject section */
		8F31B1E519096FFF00271029 /* Project object */ = {
			isa = PBXProject;
			attributes = {
				CLASSPREFIX = NGB;
				LastUpgradeCheck = 0510;
				ORGANIZATIONNAME = "nerdgeschoss GmbH";
				TargetAttributes = {
					8F31B21019096FFF00271029 = {
						TestTargetID = 8F31B1EC19096FFF00271029;
					};
				};
			};
			buildConfigurationList = 8F31B1E819096FFF00271029 /* Build configuration list for PBXProject "JSONMarshaller" */;
			compatibilityVersion = "Xcode 3.2";
			developmentRegion = English;
			hasScannedForEncodings = 0;
			knownRegions = (
				en,
				Base,
			);
			mainGroup = 8F31B1E419096FFF00271029;
			productRefGroup = 8F31B1EE19096FFF00271029 /* Products */;
			projectDirPath = "";
			projectRoot = "";
			targets = (
				8F31B1EC19096FFF00271029 /* JSONMarshaller */,
				8F31B21019096FFF00271029 /* JSONMarshallerTests */,
			);
		};
/* End PBXProject section */

/* Begin PBXResourcesBuildPhase section */
		8F31B1EB19096FFF00271029 /* Resources */ = {
			isa = PBXResourcesBuildPhase;
			buildActionMask = 2147483647;
			files = (
				8F31B20719096FFF00271029 /* Main_iPad.storyboard in Resources */,
				8F31B20C19096FFF00271029 /* Images.xcassets in Resources */,
				8F31B20419096FFF00271029 /* Main_iPhone.storyboard in Resources */,
				8F31B1FB19096FFF00271029 /* InfoPlist.strings in Resources */,
			);
			runOnlyForDeploymentPostprocessing = 0;
		};
		8F31B20F19096FFF00271029 /* Resources */ = {
			isa = PBXResourcesBuildPhase;
			buildActionMask = 2147483647;
			files = (
				8F31B21D19096FFF00271029 /* InfoPlist.strings in Resources */,
			);
			runOnlyForDeploymentPostprocessing = 0;
		};
/* End PBXResourcesBuildPhase section */

/* Begin PBXSourcesBuildPhase section */
		8F31B1E919096FFF00271029 /* Sources */ = {
			isa = PBXSourcesBuildPhase;
			buildActionMask = 2147483647;
			files = (
				8F31B231190975D800271029 /* Model.xcdatamodel in Sources */,
				8F31B20119096FFF00271029 /* NGBAppDelegate.m in Sources */,
				8F31B1FD19096FFF00271029 /* main.m in Sources */,
				8F31B20A19096FFF00271029 /* NGBViewController.m in Sources */,
			);
			runOnlyForDeploymentPostprocessing = 0;
		};
		8F31B20D19096FFF00271029 /* Sources */ = {
			isa = PBXSourcesBuildPhase;
			buildActionMask = 2147483647;
			files = (
				8F31B22D1909704400271029 /* NSManagedObject+NGBParsing.m in Sources */,
				8F31B22A1909703800271029 /* Model.xcdatamodel in Sources */,
				8F31B23419097ABD00271029 /* NGBJSONMarshaller.m in Sources */,
				8F31B23619097CD900271029 /* NGBJSONMarshallerTests.m in Sources */,
				8F31B22F1909706200271029 /* NSManagedObjectParsingTests.m in Sources */,
			);
			runOnlyForDeploymentPostprocessing = 0;
		};
/* End PBXSourcesBuildPhase section */

/* Begin PBXVariantGroup section */
		8F31B1F919096FFF00271029 /* InfoPlist.strings */ = {
			isa = PBXVariantGroup;
			children = (
				8F31B1FA19096FFF00271029 /* en */,
			);
			name = InfoPlist.strings;
			sourceTree = "<group>";
		};
		8F31B20219096FFF00271029 /* Main_iPhone.storyboard */ = {
			isa = PBXVariantGroup;
			children = (
				8F31B20319096FFF00271029 /* Base */,
			);
			name = Main_iPhone.storyboard;
			sourceTree = "<group>";
		};
		8F31B20519096FFF00271029 /* Main_iPad.storyboard */ = {
			isa = PBXVariantGroup;
			children = (
				8F31B20619096FFF00271029 /* Base */,
			);
			name = Main_iPad.storyboard;
			sourceTree = "<group>";
		};
		8F31B21B19096FFF00271029 /* InfoPlist.strings */ = {
			isa = PBXVariantGroup;
			children = (
				8F31B21C19096FFF00271029 /* en */,
			);
			name = InfoPlist.strings;
			sourceTree = "<group>";
		};
/* End PBXVariantGroup section */

/* Begin XCBuildConfiguration section */
		8F31B22019096FFF00271029 /* Debug */ = {
			isa = XCBuildConfiguration;
			buildSettings = {
				ALWAYS_SEARCH_USER_PATHS = NO;
				CLANG_CXX_LANGUAGE_STANDARD = "gnu++0x";
				CLANG_CXX_LIBRARY = "libc++";
				CLANG_ENABLE_MODULES = YES;
				CLANG_ENABLE_OBJC_ARC = YES;
				CLANG_WARN_BOOL_CONVERSION = YES;
				CLANG_WARN_CONSTANT_CONVERSION = YES;
				CLANG_WARN_DIRECT_OBJC_ISA_USAGE = YES_ERROR;
				CLANG_WARN_EMPTY_BODY = YES;
				CLANG_WARN_ENUM_CONVERSION = YES;
				CLANG_WARN_INT_CONVERSION = YES;
				CLANG_WARN_OBJC_ROOT_CLASS = YES_ERROR;
				CLANG_WARN__DUPLICATE_METHOD_MATCH = YES;
				"CODE_SIGN_IDENTITY[sdk=iphoneos*]" = "iPhone Developer";
				COPY_PHASE_STRIP = NO;
				GCC_C_LANGUAGE_STANDARD = gnu99;
				GCC_DYNAMIC_NO_PIC = NO;
				GCC_OPTIMIZATION_LEVEL = 0;
				GCC_PREPROCESSOR_DEFINITIONS = (
					"DEBUG=1",
					"$(inherited)",
				);
				GCC_SYMBOLS_PRIVATE_EXTERN = NO;
				GCC_WARN_64_TO_32_BIT_CONVERSION = YES;
				GCC_WARN_ABOUT_RETURN_TYPE = YES_ERROR;
				GCC_WARN_UNDECLARED_SELECTOR = YES;
				GCC_WARN_UNINITIALIZED_AUTOS = YES_AGGRESSIVE;
				GCC_WARN_UNUSED_FUNCTION = YES;
				GCC_WARN_UNUSED_VARIABLE = YES;
				IPHONEOS_DEPLOYMENT_TARGET = 7.1;
				ONLY_ACTIVE_ARCH = YES;
				SDKROOT = iphoneos;
				TARGETED_DEVICE_FAMILY = "1,2";
			};
			name = Debug;
		};
		8F31B22119096FFF00271029 /* Release */ = {
			isa = XCBuildConfiguration;
			buildSettings = {
				ALWAYS_SEARCH_USER_PATHS = NO;
				CLANG_CXX_LANGUAGE_STANDARD = "gnu++0x";
				CLANG_CXX_LIBRARY = "libc++";
				CLANG_ENABLE_MODULES = YES;
				CLANG_ENABLE_OBJC_ARC = YES;
				CLANG_WARN_BOOL_CONVERSION = YES;
				CLANG_WARN_CONSTANT_CONVERSION = YES;
				CLANG_WARN_DIRECT_OBJC_ISA_USAGE = YES_ERROR;
				CLANG_WARN_EMPTY_BODY = YES;
				CLANG_WARN_ENUM_CONVERSION = YES;
				CLANG_WARN_INT_CONVERSION = YES;
				CLANG_WARN_OBJC_ROOT_CLASS = YES_ERROR;
				CLANG_WARN__DUPLICATE_METHOD_MATCH = YES;
				"CODE_SIGN_IDENTITY[sdk=iphoneos*]" = "iPhone Developer";
				COPY_PHASE_STRIP = YES;
				ENABLE_NS_ASSERTIONS = NO;
				GCC_C_LANGUAGE_STANDARD = gnu99;
				GCC_WARN_64_TO_32_BIT_CONVERSION = YES;
				GCC_WARN_ABOUT_RETURN_TYPE = YES_ERROR;
				GCC_WARN_UNDECLARED_SELECTOR = YES;
				GCC_WARN_UNINITIALIZED_AUTOS = YES_AGGRESSIVE;
				GCC_WARN_UNUSED_FUNCTION = YES;
				GCC_WARN_UNUSED_VARIABLE = YES;
				IPHONEOS_DEPLOYMENT_TARGET = 7.1;
				SDKROOT = iphoneos;
				TARGETED_DEVICE_FAMILY = "1,2";
				VALIDATE_PRODUCT = YES;
			};
			name = Release;
		};
		8F31B22319096FFF00271029 /* Debug */ = {
			isa = XCBuildConfiguration;
			buildSettings = {
				ASSETCATALOG_COMPILER_APPICON_NAME = AppIcon;
				ASSETCATALOG_COMPILER_LAUNCHIMAGE_NAME = LaunchImage;
				GCC_PRECOMPILE_PREFIX_HEADER = YES;
				GCC_PREFIX_HEADER = "JSONMarshaller/JSONMarshaller-Prefix.pch";
				INFOPLIST_FILE = "JSONMarshaller/JSONMarshaller-Info.plist";
				PRODUCT_NAME = "$(TARGET_NAME)";
				WRAPPER_EXTENSION = app;
			};
			name = Debug;
		};
		8F31B22419096FFF00271029 /* Release */ = {
			isa = XCBuildConfiguration;
			buildSettings = {
				ASSETCATALOG_COMPILER_APPICON_NAME = AppIcon;
				ASSETCATALOG_COMPILER_LAUNCHIMAGE_NAME = LaunchImage;
				GCC_PRECOMPILE_PREFIX_HEADER = YES;
				GCC_PREFIX_HEADER = "JSONMarshaller/JSONMarshaller-Prefix.pch";
				INFOPLIST_FILE = "JSONMarshaller/JSONMarshaller-Info.plist";
				PRODUCT_NAME = "$(TARGET_NAME)";
				WRAPPER_EXTENSION = app;
			};
			name = Release;
		};
		8F31B22619096FFF00271029 /* Debug */ = {
			isa = XCBuildConfiguration;
			buildSettings = {
				BUNDLE_LOADER = "$(BUILT_PRODUCTS_DIR)/JSONMarshaller.app/JSONMarshaller";
				FRAMEWORK_SEARCH_PATHS = (
					"$(SDKROOT)/Developer/Library/Frameworks",
					"$(inherited)",
					"$(DEVELOPER_FRAMEWORKS_DIR)",
				);
				GCC_PRECOMPILE_PREFIX_HEADER = YES;
				GCC_PREFIX_HEADER = "JSONMarshaller/JSONMarshaller-Prefix.pch";
				GCC_PREPROCESSOR_DEFINITIONS = (
					"DEBUG=1",
					"$(inherited)",
				);
				INFOPLIST_FILE = "JSONMarshallerTests/JSONMarshallerTests-Info.plist";
				PRODUCT_NAME = "$(TARGET_NAME)";
				TEST_HOST = "$(BUNDLE_LOADER)";
				WRAPPER_EXTENSION = xctest;
			};
			name = Debug;
		};
		8F31B22719096FFF00271029 /* Release */ = {
			isa = XCBuildConfiguration;
			buildSettings = {
				BUNDLE_LOADER = "$(BUILT_PRODUCTS_DIR)/JSONMarshaller.app/JSONMarshaller";
				FRAMEWORK_SEARCH_PATHS = (
					"$(SDKROOT)/Developer/Library/Frameworks",
					"$(inherited)",
					"$(DEVELOPER_FRAMEWORKS_DIR)",
				);
				GCC_PRECOMPILE_PREFIX_HEADER = YES;
				GCC_PREFIX_HEADER = "JSONMarshaller/JSONMarshaller-Prefix.pch";
				INFOPLIST_FILE = "JSONMarshallerTests/JSONMarshallerTests-Info.plist";
				PRODUCT_NAME = "$(TARGET_NAME)";
				TEST_HOST = "$(BUNDLE_LOADER)";
				WRAPPER_EXTENSION = xctest;
			};
			name = Release;
		};
/* End XCBuildConfiguration section */

/* Begin XCConfigurationList section */
		8F31B1E819096FFF00271029 /* Build configuration list for PBXProject "JSONMarshaller" */ = {
			isa = XCConfigurationList;
			buildConfigurations = (
				8F31B22019096FFF00271029 /* Debug */,
				8F31B22119096FFF00271029 /* Release */,
			);
			defaultConfigurationIsVisible = 0;
			defaultConfigurationName = Release;
		};
		8F31B22219096FFF00271029 /* Build configuration list for PBXNativeTarget "JSONMarshaller" */ = {
			isa = XCConfigurationList;
			buildConfigurations = (
				8F31B22319096FFF00271029 /* Debug */,
				8F31B22419096FFF00271029 /* Release */,
			);
			defaultConfigurationIsVisible = 0;
		};
		8F31B22519096FFF00271029 /* Build configuration list for PBXNativeTarget "JSONMarshallerTests" */ = {
			isa = XCConfigurationList;
			buildConfigurations = (
				8F31B22619096FFF00271029 /* Debug */,
				8F31B22719096FFF00271029 /* Release */,
			);
			defaultConfigurationIsVisible = 0;
		};
/* End XCConfigurationList section */
	};
	rootObject = 8F31B1E519096FFF00271029 /* Project object */;
}
